
Microsoft Visual Studio Solution File, Format Version 12.00
# Visual Studio Version 16
VisualStudioVersion = 16.0.29230.47
MinimumVisualStudioVersion = 10.0.40219.1
Project("{2150E333-8FDC-42A3-9474-1A3956D46DE8}") = "Main", "Main", "{E9BA8C49-6217-4376-887A-B9D9762B6694}"
EndProject
Project("{2150E333-8FDC-42A3-9474-1A3956D46DE8}") = "Core", "Core", "{81D3E1B3-BE0A-4E68-A1F4-4E1F41A3CC56}"
EndProject
Project("{2150E333-8FDC-42A3-9474-1A3956D46DE8}") = "Application", "Application", "{597C87C1-2859-4F60-AE85-F1FAA2A766C5}"
EndProject
Project("{2150E333-8FDC-42A3-9474-1A3956D46DE8}") = "Tests", "Tests", "{67B6E4C5-109D-477C-A72D-3A4FF192854B}"
EndProject
Project("{2150E333-8FDC-42A3-9474-1A3956D46DE8}") = "Tasks", "Tasks", "{80BC6DF6-1E1E-48A6-9585-FD91579E908B}"
EndProject
Project("{FAE04EC0-301F-11D3-BF4B-00C04F79EFBC}") = "DtCoco.Data", "src\Application\DtCoco.Data\DtCoco.Data.csproj", "{14DFE9B9-5D3B-4EDF-B1F2-CE9D5E358647}"
EndProject
Project("{FAE04EC0-301F-11D3-BF4B-00C04F79EFBC}") = "DtCoco.Services", "src\Application\DtCoco.Services\DtCoco.Services.csproj", "{398621D2-E9E1-4E2A-B0C8-B7E09E8BC7E4}"
EndProject
Project("{FAE04EC0-301F-11D3-BF4B-00C04F79EFBC}") = "DtCoco.Core", "src\Application\DtCoco.Core\DtCoco.Core.csproj", "{6308DD54-4FF9-4E7F-9F13-F1D8A52934C3}"
EndProject
Project("{FAE04EC0-301F-11D3-BF4B-00C04F79EFBC}") = "DtCoco.Orm.EntityFramework", "src\Core\DtCoco.Orm.EntityFramework\DtCoco.Orm.EntityFramework.csproj", "{B7DDFE48-9CAB-4E7C-872A-98CF3F80374F}"
EndProject
Project("{FAE04EC0-301F-11D3-BF4B-00C04F79EFBC}") = "DtCoco.Oss.Aliyun", "src\Core\DtCoco.Oss.Aliyun\DtCoco.Oss.Aliyun.csproj", "{114098F8-3CFF-40EA-BAC5-9D26CB9D31B8}"
EndProject
Project("{FAE04EC0-301F-11D3-BF4B-00C04F79EFBC}") = "DtCoco.Oss.Minio", "src\Core\DtCoco.Oss.Minio\DtCoco.Oss.Minio.csproj", "{49FF5F35-9F08-45E9-82CC-86545D448967}"
EndProject
Project("{FAE04EC0-301F-11D3-BF4B-00C04F79EFBC}") = "DtCoco.Orm.SqlSugar", "src\Core\DtCoco.Orm.SqlSugar\DtCoco.Orm.SqlSugar.csproj", "{1CD6E3D9-F661-46E2-863D-D5539FF9579D}"
EndProject
Project("{FAE04EC0-301F-11D3-BF4B-00C04F79EFBC}") = "DtCoco.Interface", "src\Core\DtCoco.Interface\DtCoco.Interface.csproj", "{CDF8C345-4D5D-4ED6-9BA2-719178C23B98}"
EndProject
Project("{FAE04EC0-301F-11D3-BF4B-00C04F79EFBC}") = "DtCoco.Framework", "src\Application\DtCoco.Framework\DtCoco.Framework.csproj", "{0A78C9B6-8D16-44C3-9ECE-5E89B829CE69}"
EndProject
Project("{FAE04EC0-301F-11D3-BF4B-00C04F79EFBC}") = "DtCoco.Api.Web", "src\Main\DtCoco.Api.Web\DtCoco.Api.Web.csproj", "{523D8DCE-FBBC-4D14-97D5-939B99B6BFC6}"
EndProject
Project("{FAE04EC0-301F-11D3-BF4B-00C04F79EFBC}") = "DtCoco.Api.Backend", "src\Main\DtCoco.Api.Backend\DtCoco.Api.Backend.csproj", "{6B707D2A-AEC6-4448-9A4C-08635CD26142}"
EndProject
Project("{FAE04EC0-301F-11D3-BF4B-00C04F79EFBC}") = "DtCoco.Task.InitData", "src\Tasks\DtCoco.Task.InitData\DtCoco.Task.InitData.csproj", "{BAA32B3C-EF7D-47AC-B685-E5438A3B07BD}"
EndProject
Project("{FAE04EC0-301F-11D3-BF4B-00C04F79EFBC}") = "DtCoco.UnitTest", "src\Tests\DtCoco.UnitTest\DtCoco.UnitTest.csproj", "{DE022276-F198-4CD7-A082-9AC22F79510C}"
EndProject
Project("{2150E333-8FDC-42A3-9474-1A3956D46DE8}") = "01Docs", "01Docs", "{250FE937-E548-4684-9166-2B8680120A40}"
	ProjectSection(SolutionItems) = preProject
		docs\guide-cn.md = docs\guide-cn.md
		docs\guide-en.md = docs\guide-en.md
		README.md = README.md
	EndProjectSection
EndProject
Global
	GlobalSection(SolutionConfigurationPlatforms) = preSolution
		Debug|Any CPU = Debug|Any CPU
		Release|Any CPU = Release|Any CPU
	EndGlobalSection
	GlobalSection(ProjectConfigurationPlatforms) = postSolution
		{14DFE9B9-5D3B-4EDF-B1F2-CE9D5E358647}.Debug|Any CPU.ActiveCfg = Debug|Any CPU
		{14DFE9B9-5D3B-4EDF-B1F2-CE9D5E358647}.Debug|Any CPU.Build.0 = Debug|Any CPU
		{14DFE9B9-5D3B-4EDF-B1F2-CE9D5E358647}.Release|Any CPU.ActiveCfg = Release|Any CPU
		{14DFE9B9-5D3B-4EDF-B1F2-CE9D5E358647}.Release|Any CPU.Build.0 = Release|Any CPU
		{398621D2-E9E1-4E2A-B0C8-B7E09E8BC7E4}.Debug|Any CPU.ActiveCfg = Debug|Any CPU
		{398621D2-E9E1-4E2A-B0C8-B7E09E8BC7E4}.Debug|Any CPU.Build.0 = Debug|Any CPU
		{398621D2-E9E1-4E2A-B0C8-B7E09E8BC7E4}.Release|Any CPU.ActiveCfg = Release|Any CPU
		{398621D2-E9E1-4E2A-B0C8-B7E09E8BC7E4}.Release|Any CPU.Build.0 = Release|Any CPU
		{6308DD54-4FF9-4E7F-9F13-F1D8A52934C3}.Debug|Any CPU.ActiveCfg = Debug|Any CPU
		{6308DD54-4FF9-4E7F-9F13-F1D8A52934C3}.Debug|Any CPU.Build.0 = Debug|Any CPU
		{6308DD54-4FF9-4E7F-9F13-F1D8A52934C3}.Release|Any CPU.ActiveCfg = Release|Any CPU
		{6308DD54-4FF9-4E7F-9F13-F1D8A52934C3}.Release|Any CPU.Build.0 = Release|Any CPU
		{B7DDFE48-9CAB-4E7C-872A-98CF3F80374F}.Debug|Any CPU.ActiveCfg = Debug|Any CPU
		{B7DDFE48-9CAB-4E7C-872A-98CF3F80374F}.Debug|Any CPU.Build.0 = Debug|Any CPU
		{B7DDFE48-9CAB-4E7C-872A-98CF3F80374F}.Release|Any CPU.ActiveCfg = Release|Any CPU
		{B7DDFE48-9CAB-4E7C-872A-98CF3F80374F}.Release|Any CPU.Build.0 = Release|Any CPU
		{114098F8-3CFF-40EA-BAC5-9D26CB9D31B8}.Debug|Any CPU.ActiveCfg = Debug|Any CPU
		{114098F8-3CFF-40EA-BAC5-9D26CB9D31B8}.Debug|Any CPU.Build.0 = Debug|Any CPU
		{114098F8-3CFF-40EA-BAC5-9D26CB9D31B8}.Release|Any CPU.ActiveCfg = Release|Any CPU
		{114098F8-3CFF-40EA-BAC5-9D26CB9D31B8}.Release|Any CPU.Build.0 = Release|Any CPU
		{49FF5F35-9F08-45E9-82CC-86545D448967}.Debug|Any CPU.ActiveCfg = Debug|Any CPU
		{49FF5F35-9F08-45E9-82CC-86545D448967}.Debug|Any CPU.Build.0 = Debug|Any CPU
		{49FF5F35-9F08-45E9-82CC-86545D448967}.Release|Any CPU.ActiveCfg = Release|Any CPU
		{49FF5F35-9F08-45E9-82CC-86545D448967}.Release|Any CPU.Build.0 = Release|Any CPU
		{1CD6E3D9-F661-46E2-863D-D5539FF9579D}.Debug|Any CPU.ActiveCfg = Debug|Any CPU
		{1CD6E3D9-F661-46E2-863D-D5539FF9579D}.Debug|Any CPU.Build.0 = Debug|Any CPU
		{1CD6E3D9-F661-46E2-863D-D5539FF9579D}.Release|Any CPU.ActiveCfg = Release|Any CPU
		{1CD6E3D9-F661-46E2-863D-D5539FF9579D}.Release|Any CPU.Build.0 = Release|Any CPU
		{CDF8C345-4D5D-4ED6-9BA2-719178C23B98}.Debug|Any CPU.ActiveCfg = Debug|Any CPU
		{CDF8C345-4D5D-4ED6-9BA2-719178C23B98}.Debug|Any CPU.Build.0 = Debug|Any CPU
		{CDF8C345-4D5D-4ED6-9BA2-719178C23B98}.Release|Any CPU.ActiveCfg = Release|Any CPU
		{CDF8C345-4D5D-4ED6-9BA2-719178C23B98}.Release|Any CPU.Build.0 = Release|Any CPU
		{0A78C9B6-8D16-44C3-9ECE-5E89B829CE69}.Debug|Any CPU.ActiveCfg = Debug|Any CPU
		{0A78C9B6-8D16-44C3-9ECE-5E89B829CE69}.Debug|Any CPU.Build.0 = Debug|Any CPU
		{0A78C9B6-8D16-44C3-9ECE-5E89B829CE69}.Release|Any CPU.ActiveCfg = Release|Any CPU
		{0A78C9B6-8D16-44C3-9ECE-5E89B829CE69}.Release|Any CPU.Build.0 = Release|Any CPU
		{523D8DCE-FBBC-4D14-97D5-939B99B6BFC6}.Debug|Any CPU.ActiveCfg = Debug|Any CPU
		{523D8DCE-FBBC-4D14-97D5-939B99B6BFC6}.Debug|Any CPU.Build.0 = Debug|Any CPU
		{523D8DCE-FBBC-4D14-97D5-939B99B6BFC6}.Release|Any CPU.ActiveCfg = Release|Any CPU
		{523D8DCE-FBBC-4D14-97D5-939B99B6BFC6}.Release|Any CPU.Build.0 = Release|Any CPU
		{6B707D2A-AEC6-4448-9A4C-08635CD26142}.Debug|Any CPU.ActiveCfg = Debug|Any CPU
		{6B707D2A-AEC6-4448-9A4C-08635CD26142}.Debug|Any CPU.Build.0 = Debug|Any CPU
		{6B707D2A-AEC6-4448-9A4C-08635CD26142}.Release|Any CPU.ActiveCfg = Release|Any CPU
		{6B707D2A-AEC6-4448-9A4C-08635CD26142}.Release|Any CPU.Build.0 = Release|Any CPU
		{BAA32B3C-EF7D-47AC-B685-E5438A3B07BD}.Debug|Any CPU.ActiveCfg = Debug|Any CPU
		{BAA32B3C-EF7D-47AC-B685-E5438A3B07BD}.Debug|Any CPU.Build.0 = Debug|Any CPU
		{BAA32B3C-EF7D-47AC-B685-E5438A3B07BD}.Release|Any CPU.ActiveCfg = Release|Any CPU
		{BAA32B3C-EF7D-47AC-B685-E5438A3B07BD}.Release|Any CPU.Build.0 = Release|Any CPU
		{DE022276-F198-4CD7-A082-9AC22F79510C}.Debug|Any CPU.ActiveCfg = Debug|Any CPU
		{DE022276-F198-4CD7-A082-9AC22F79510C}.Debug|Any CPU.Build.0 = Debug|Any CPU
		{DE022276-F198-4CD7-A082-9AC22F79510C}.Release|Any CPU.ActiveCfg = Release|Any CPU
		{DE022276-F198-4CD7-A082-9AC22F79510C}.Release|Any CPU.Build.0 = Release|Any CPU
	EndGlobalSection
	GlobalSection(SolutionProperties) = preSolution
		HideSolutionNode = FALSE
	EndGlobalSection
	GlobalSection(NestedProjects) = preSolution
		{14DFE9B9-5D3B-4EDF-B1F2-CE9D5E358647} = {597C87C1-2859-4F60-AE85-F1FAA2A766C5}
		{398621D2-E9E1-4E2A-B0C8-B7E09E8BC7E4} = {597C87C1-2859-4F60-AE85-F1FAA2A766C5}
		{6308DD54-4FF9-4E7F-9F13-F1D8A52934C3} = {597C87C1-2859-4F60-AE85-F1FAA2A766C5}
		{B7DDFE48-9CAB-4E7C-872A-98CF3F80374F} = {81D3E1B3-BE0A-4E68-A1F4-4E1F41A3CC56}
		{114098F8-3CFF-40EA-BAC5-9D26CB9D31B8} = {81D3E1B3-BE0A-4E68-A1F4-4E1F41A3CC56}
		{49FF5F35-9F08-45E9-82CC-86545D448967} = {81D3E1B3-BE0A-4E68-A1F4-4E1F41A3CC56}
		{1CD6E3D9-F661-46E2-863D-D5539FF9579D} = {81D3E1B3-BE0A-4E68-A1F4-4E1F41A3CC56}
		{CDF8C345-4D5D-4ED6-9BA2-719178C23B98} = {81D3E1B3-BE0A-4E68-A1F4-4E1F41A3CC56}
		{0A78C9B6-8D16-44C3-9ECE-5E89B829CE69} = {597C87C1-2859-4F60-AE85-F1FAA2A766C5}
		{523D8DCE-FBBC-4D14-97D5-939B99B6BFC6} = {E9BA8C49-6217-4376-887A-B9D9762B6694}
		{6B707D2A-AEC6-4448-9A4C-08635CD26142} = {E9BA8C49-6217-4376-887A-B9D9762B6694}
		{BAA32B3C-EF7D-47AC-B685-E5438A3B07BD} = {80BC6DF6-1E1E-48A6-9585-FD91579E908B}
		{DE022276-F198-4CD7-A082-9AC22F79510C} = {67B6E4C5-109D-477C-A72D-3A4FF192854B}
	EndGlobalSection
	GlobalSection(ExtensibilityGlobals) = postSolution
		SolutionGuid = {2D8F8C78-4B63-4B98-872A-095EC31952ED}
	EndGlobalSection
EndGlobal
